
Microsoft Visual Studio Solution File, Format Version 12.00
# Visual Studio Version 17
VisualStudioVersion = 17.14.36717.8
MinimumVisualStudioVersion = 10.0.40219.1
Project("{FAE04EC0-301F-11D3-BF4B-00C04F79EFBC}") = "HolidayTracker", "HolidayTracker.csproj", "{7523CE69-06BA-A00B-DED8-6C64CDDEF283}"
EndProject
Project("{FAE04EC0-301F-11D3-BF4B-00C04F79EFBC}") = "HolidayTracker.Tests", "..\HolidayTracker.Tests\HolidayTracker.Tests.csproj", "{EF580D4C-917D-432B-A5DE-8ECA24C4AEF4}"
EndProject
Global
	GlobalSection(SolutionConfigurationPlatforms) = preSolution
		Debug|Any CPU = Debug|Any CPU
		Debug|x64 = Debug|x64
		Debug|x86 = Debug|x86
		Release|Any CPU = Release|Any CPU
		Release|x64 = Release|x64
		Release|x86 = Release|x86
	EndGlobalSection
	GlobalSection(ProjectConfigurationPlatforms) = postSolution
		{7523CE69-06BA-A00B-DED8-6C64CDDEF283}.Debug|Any CPU.ActiveCfg = Debug|Any CPU
		{7523CE69-06BA-A00B-DED8-6C64CDDEF283}.Debug|Any CPU.Build.0 = Debug|Any CPU
		{7523CE69-06BA-A00B-DED8-6C64CDDEF283}.Debug|x64.ActiveCfg = Debug|Any CPU
		{7523CE69-06BA-A00B-DED8-6C64CDDEF283}.Debug|x64.Build.0 = Debug|Any CPU
		{7523CE69-06BA-A00B-DED8-6C64CDDEF283}.Debug|x86.ActiveCfg = Debug|Any CPU
		{7523CE69-06BA-A00B-DED8-6C64CDDEF283}.Debug|x86.Build.0 = Debug|Any CPU
		{7523CE69-06BA-A00B-DED8-6C64CDDEF283}.Release|Any CPU.ActiveCfg = Release|Any CPU
		{7523CE69-06BA-A00B-DED8-6C64CDDEF283}.Release|Any CPU.Build.0 = Release|Any CPU
		{7523CE69-06BA-A00B-DED8-6C64CDDEF283}.Release|x64.ActiveCfg = Release|Any CPU
		{7523CE69-06BA-A00B-DED8-6C64CDDEF283}.Release|x64.Build.0 = Release|Any CPU
		{7523CE69-06BA-A00B-DED8-6C64CDDEF283}.Release|x86.ActiveCfg = Release|Any CPU
		{7523CE69-06BA-A00B-DED8-6C64CDDEF283}.Release|x86.Build.0 = Release|Any CPU
		{EF580D4C-917D-432B-A5DE-8ECA24C4AEF4}.Debug|Any CPU.ActiveCfg = Debug|Any CPU
		{EF580D4C-917D-432B-A5DE-8ECA24C4AEF4}.Debug|Any CPU.Build.0 = Debug|Any CPU
		{EF580D4C-917D-432B-A5DE-8ECA24C4AEF4}.Debug|x64.ActiveCfg = Debug|Any CPU
		{EF580D4C-917D-432B-A5DE-8ECA24C4AEF4}.Debug|x64.Build.0 = Debug|Any CPU
		{EF580D4C-917D-432B-A5DE-8ECA24C4AEF4}.Debug|x86.ActiveCfg = Debug|Any CPU
		{EF580D4C-917D-432B-A5DE-8ECA24C4AEF4}.Debug|x86.Build.0 = Debug|Any CPU
		{EF580D4C-917D-432B-A5DE-8ECA24C4AEF4}.Release|Any CPU.ActiveCfg = Release|Any CPU
		{EF580D4C-917D-432B-A5DE-8ECA24C4AEF4}.Release|Any CPU.Build.0 = Release|Any CPU
		{EF580D4C-917D-432B-A5DE-8ECA24C4AEF4}.Release|x64.ActiveCfg = Release|Any CPU
		{EF580D4C-917D-432B-A5DE-8ECA24C4AEF4}.Release|x64.Build.0 = Release|Any CPU
		{EF580D4C-917D-432B-A5DE-8ECA24C4AEF4}.Release|x86.ActiveCfg = Release|Any CPU
		{EF580D4C-917D-432B-A5DE-8ECA24C4AEF4}.Release|x86.Build.0 = Release|Any CPU
	EndGlobalSection
	GlobalSection(SolutionProperties) = preSolution
		HideSolutionNode = FALSE
	EndGlobalSection
	GlobalSection(ExtensibilityGlobals) = postSolution
		SolutionGuid = {61402D7A-5123-4E99-994E-7807AC52B598}
	EndGlobalSection
EndGlobal
